github.com/PuerkitoBio/goquery v1.12.0 h1:pAcL4g3WRXekcB9AU/y1mbKez2dbY2AajVhtkO8RIBo=
github.com/PuerkitoBio/goquery v1.12.0/go.mod h1:802ej+gV2y7bbIhOIoPY5sT183ZW0YFofScC4q/hIpQ=
github.com/andybalholm/cascadia v1.3.4 h1:vM2lgh0Vru9Vwyfm4cQqWP2HHMW0u0+2PAW7Q38Qufg=
github.com/andybalholm/cascadia v1.3.4/go.mod h1:BLRmbRjpEtNKieZOCCvYj4RqN+KRA41GBe/5O+G93kM=
github.com/goark/errs v1.3.4 h1:/+/xwF3UwXGxGGLurzBTaMMoryTBeaPfheJ1aW9cglA=
github.com/goark/errs v1.3.4/go.mod h1:4xM7rorwYQlqh9kUhfKpC5P7VAJW2KfvuQpYnTaU0ek=
github.com/goark/fetch v0.5.3 h1:ZwT5N04BSiPw2tF2gG5MXsmoSr+A/sxE52KJWy/aWzw=
github.com/goark/fetch v0.5.3/go.mod h1:jgu+bn1HN8AfEks+ENqiPJVF99Cvs7cb2dqSujhjsOE=
github.com/goark/gocli v0.14.0 h1:YK8g9vkH4FnnJUplFgiNH9IhDH9uaWKUGaMfaAhBjYc=
github.com/goark/gocli v0.14.0/go.mod h1:FLgDEiCNuj9RSxDQGKiqBTh/n/z9Lk4RJFv30ea/ck0=
github.com/goark/struct2pflag v0.2.0 h1:WfoXZB76CiUiNZX91rpXZoOwTyfjoSTq6RudOxvuyVU=
github.com/goark/struct2pflag v0.2.0/go.mod h1:ZqKLwjdZwS+eO2JoTs0UymudyOjyR2N8ELaiJJfZOQY=
github.com/goark/webinfo v0.2.1 h1:zV1GXWy/CjrKrGV0uctVL0pYmBQZ2p4RwEicBo/Ts+E=
github.com/goark/webinfo v0.2.1/go.mod h1:YVik8ELg6fE1bhrI2PoOMXKE/MlmQJWsMr/0UQIATzw=
github.com/mattn/go-encoding v0.0.2 h1:OC1L+QXLJge9n7yIE3R5Os/UNasUeFvK3Sa4NjbDi6c=
github.com/mattn/go-encoding v0.0.2/go.mod h1:WUNsdPQLK4JYRzkn8IAdmYKFYGGJ4/9YPxdPoMumPgY=
github.com/spf13/pflag v1.0.10 h1:4EBh2KAYBwaONj6b2Ye1GiHfwjqyROoF4RwYO+vPwFk=
github.com/spf13/pflag v1.0.10/go.mod h1:McXfInJRrz4CZXVZOBLb0bTZqETkiAhM9Iw0y3An2Bg=
golang.org/x/image v0.44.0 h1:+tDekMZED9+LrtB3G5xzRggpVh9CARjZqROla3R3R+I=
golang.org/x/image v0.44.0/go.mod h1:V8K3KE9KKKE+pLpQDOeN18w9oacNSvy1tDOirTu4xtY=
golang.org/x/net v0.57.0 h1:K5+3DljvIuDG9/Jv9rvyMywYNFCQ9RSUY6OOTTkT+tE=
golang.org/x/net v0.57.0/go.mod h1:KpXc8iv+r3XplLAG/f7Jsf9RPszJzdR0f58q9vGOuEU=
golang.org/x/text v0.40.0 h1:Ub2Z6/xjgF1WrYQz2nuITOEegKFtiIy+rieRJ5lHZKs=
golang.org/x/text v0.40.0/go.mod h1:hpnzDAfGV753zIKo+wk3u1bVKCGPbrnF7+7LBF/UHVY=
